
Microsoft Visual Studio Solution File, Format Version 12.00
# Visual Studio Version 16
VisualStudioVersion = 16.0.29728.190
MinimumVisualStudioVersion = 10.0.40219.1
Project("{FAE04EC0-301F-11D3-BF4B-00C04F79EFBC}") = "part-9-form", "part-9-form.csproj", "{1ACE3F82-DC21-44A7-99D9-DFE5172AED84}"
EndProject
Global
	GlobalSection(SolutionConfigurationPlatforms) = preSolution
		Debug|Any CPU = Debug|Any CPU
		Release|Any CPU = Release|Any CPU
	EndGlobalSection
	GlobalSection(ProjectConfigurationPlatforms) = postSolution
		{1ACE3F82-DC21-44A7-99D9-DFE5172AED84}.Debug|Any CPU.ActiveCfg = Debug|Any CPU
		{1ACE3F82-DC21-44A7-99D9-DFE5172AED84}.Debug|Any CPU.Build.0 = Debug|Any CPU
		{1ACE3F82-DC21-44A7-99D9-DFE5172AED84}.Release|Any CPU.ActiveCfg = Release|Any CPU
		{1ACE3F82-DC21-44A7-99D9-DFE5172AED84}.Release|Any CPU.Build.0 = Release|Any CPU
	EndGlobalSection
	GlobalSection(SolutionProperties) = preSolution
		HideSolutionNode = FALSE
	EndGlobalSection
	GlobalSection(ExtensibilityGlobals) = postSolution
		SolutionGuid = {1489400B-5810-49B5-94BC-BBBF5AE4E2A6}
	EndGlobalSection
EndGlobal
